hash: 7df05d4a5a6a646a1b01d285f847a05583f7647b5419a515e577be26198d06cb
updated: 2020-06-03T20:35:17.508323147-03:00
imports:
- name: github.com/gocql/gocql
  version: cd04bd7f22a72810d9eccd3ea334d898bf098576
- name: github.com/gorilla/mux
  version: 75dcda0896e109a2a22c9315bca3bb21b87b2ba5
- name: github.com/scylladb/gocqlx
  version: ae6d066255b6c77ee5985892163452e98469903f
testImports: []
