# This file is autogenerated, do not edit; changes may be undone by the next 'dep ensure'.


[[projects]]
  branch = "master"
  name = "github.com/gocql/gocql"
  packages = [".","internal/lru","internal/murmur","internal/streams"]
  revision = "cb62e193e52b390d493e714d226bd3b0c12f1d63"

[[projects]]
  name = "github.com/golang/snappy"
  packages = ["."]
  revision = "2a8bb927dd31d8daada140a5d09578521ce5c36a"
  version = "v0.0.1"

[[projects]]
  name = "github.com/gorilla/mux"
  packages = ["."]
  revision = "75dcda0896e109a2a22c9315bca3bb21b87b2ba5"
  version = "v1.7.4"

[[projects]]
  branch = "master"
  name = "github.com/hailocab/go-hostpool"
  packages = ["."]
  revision = "e80d13ce29ede4452c43dea11e79b9bc8a15b478"

[[projects]]
  name = "github.com/scylladb/go-reflectx"
  packages = ["."]
  revision = "0fbd3dd109a43e75e5d5e62c184345d5502306e6"
  version = "v1.0.1"

[[projects]]
  name = "github.com/scylladb/gocqlx"
  packages = [".","qb","table"]
  revision = "fa54f5347bb2b65edf6e766227e552684ce6e84a"
  version = "v2.0.1"

[[projects]]
  name = "gopkg.in/inf.v0"
  packages = ["."]
  revision = "d2d2541c53f18d2a059457998ce2876cc8e67cbf"
  version = "v0.9.1"

[solve-meta]
  analyzer-name = "dep"
  analyzer-version = 1
  inputs-digest = "18147abcde83708a72eef32e655d92a4410e69f15f4615b0949fd60216cdfd8c"
  solver-name = "gps-cdcl"
  solver-version = 1
